{
  "name": "npm-lockdown-proxy",
  "version": "0.0.8",
  "lockfileVersion": 3,
  "requires": true,
  "packages": {
    "": {
      "name": "npm-lockdown-proxy",
      "version": "0.0.8",
      "license": "MIT",
      "bin": {
        "npm-lockdown-proxy": "proxy.js"
      },
      "engines": {
        "node": ">=18"
      }
    }
  }
}
